
Microsoft Visual Studio Solution File, Format Version 12.00
# Visual Studio 15
VisualStudioVersion = 15.0.28307.421
MinimumVisualStudioVersion = 10.0.40219.1
Project("{9A19103F-16F7-4668-BE54-9A1E7A4F7556}") = "Gevlee.RestTunes", "Gevlee.RestTunes.csproj", "{BD6EF2C6-0268-47CC-9EF2-B675756645A8}"
EndProject
Global
	GlobalSection(SolutionConfigurationPlatforms) = preSolution
		Debug|Any CPU = Debug|Any CPU
		Release|Any CPU = Release|Any CPU
	EndGlobalSection
	GlobalSection(ProjectConfigurationPlatforms) = postSolution
		{BD6EF2C6-0268-47CC-9EF2-B675756645A8}.Debug|Any CPU.ActiveCfg = Debug|Any CPU
		{BD6EF2C6-0268-47CC-9EF2-B675756645A8}.Debug|Any CPU.Build.0 = Debug|Any CPU
		{BD6EF2C6-0268-47CC-9EF2-B675756645A8}.Release|Any CPU.ActiveCfg = Release|Any CPU
		{BD6EF2C6-0268-47CC-9EF2-B675756645A8}.Release|Any CPU.Build.0 = Release|Any CPU
	EndGlobalSection
	GlobalSection(SolutionProperties) = preSolution
		HideSolutionNode = FALSE
	EndGlobalSection
	GlobalSection(ExtensibilityGlobals) = postSolution
		SolutionGuid = {C1000618-750F-4328-A657-F5EFBD75180A}
	EndGlobalSection
EndGlobal
